
Microsoft Visual Studio Solution File, Format Version 12.00
# Visual Studio Version 16
VisualStudioVersion = 16.0.31613.86
MinimumVisualStudioVersion = 10.0.40219.1
Project("{FAE04EC0-301F-11D3-BF4B-00C04F79EFBC}") = "GraphQLTest", "GraphQLTest\GraphQLTest.csproj", "{057BBE90-6950-424C-A2FD-F5A62174C08F}"
EndProject
Global
	GlobalSection(SolutionConfigurationPlatforms) = preSolution
		Debug|Any CPU = Debug|Any CPU
		Release|Any CPU = Release|Any CPU
	EndGlobalSection
	GlobalSection(ProjectConfigurationPlatforms) = postSolution
		{057BBE90-6950-424C-A2FD-F5A62174C08F}.Debug|Any CPU.ActiveCfg = Debug|Any CPU
		{057BBE90-6950-424C-A2FD-F5A62174C08F}.Debug|Any CPU.Build.0 = Debug|Any CPU
		{057BBE90-6950-424C-A2FD-F5A62174C08F}.Release|Any CPU.ActiveCfg = Release|Any CPU
		{057BBE90-6950-424C-A2FD-F5A62174C08F}.Release|Any CPU.Build.0 = Release|Any CPU
	EndGlobalSection
	GlobalSection(SolutionProperties) = preSolution
		HideSolutionNode = FALSE
	EndGlobalSection
	GlobalSection(ExtensibilityGlobals) = postSolution
		SolutionGuid = {787BC732-180E-4044-A0E4-D56B4CE43FC6}
	EndGlobalSection
EndGlobal
